// !$*UTF8*$!
{
	archiveVersion = 1;
	classes = {
	};
	objectVersion = 50;
	objects = {

/* Begin PBXBuildFile section */
		A8F0FFC226F9DB3900BB9E24 /* AppDelegate.swift in Sources */ = {isa = PBXBuildFile; fileRef = A8F0FFC126F9DB3900BB9E24 /* AppDelegate.swift */; };
		A8F0FFC426F9DB3900BB9E24 /* SceneDelegate.swift in Sources */ = {isa = PBXBuildFile; fileRef = A8F0FFC326F9DB3900BB9E24 /* SceneDelegate.swift */; };
		A8F0FFC626F9DB3900BB9E24 /* ViewController.swift in Sources */ = {isa = PBXBuildFile; fileRef = A8F0FFC526F9DB3900BB9E24 /* ViewController.swift */; };
		A8F0FFC926F9DB3900BB9E24 /* Main.storyboard in Resources */ = {isa = PBXBuildFile; fileRef = A8F0FFC726F9DB3900BB9E24 /* Main.storyboard */; };
		A8F0FFCB26F9DB3D00BB9E24 /* Assets.xcassets in Resources */ = {isa = PBXBuildFile; fileRef = A8F0FFCA26F9DB3D00BB9E24 /* Assets.xcassets */; };
		A8F0FFCE26F9DB3D00BB9E24 /* LaunchScreen.storyboard in Resources */ = {isa = PBXBuildFile; fileRef = A8F0FFCC26F9DB3D00BB9E24 /* LaunchScreen.storyboard */; };
		A8F0FFD926F9DB3D00BB9E24 /* HelloWorldTests.swift in Sources */ = {isa = PBXBuildFile; fileRef = A8F0FFD826F9DB3D00BB9E24 /* HelloWorldTests.swift */; };
		A8F0FFE426F9DB3D00BB9E24 /* HelloWorldUITests.swift in Sources */ = {isa = PBXBuildFile; fileRef = A8F0FFE326F9DB3D00BB9E24 /* HelloWorldUITests.swift */; };
/* End PBXBuildFile section */

/* Begin PBXContainerItemProxy section */
		A8F0FFD526F9DB3D00BB9E24 /* PBXContainerItemProxy */ = {
			isa = PBXContainerItemProxy;
			containerPortal = A8F0FFB626F9DB3900BB9E24 /* Project object */;
			proxyType = 1;
			remoteGlobalIDString = A8F0FFBD26F9DB3900BB9E24;
			remoteInfo = HelloWorld;
		};
		A8F0FFE026F9DB3D00BB9E24 /* PBXContainerItemProxy */ = {
			isa = PBXContainerItemProxy;
			containerPortal = A8F0FFB626F9DB3900BB9E24 /* Project object */;
			proxyType = 1;
			remoteGlobalIDString = A8F0FFBD26F9DB3900BB9E24;
			remoteInfo = HelloWorld;
		};
/* End PBXContainerItemProxy section */

/* Begin PBXFileReference section */
		A8F0FFBE26F9DB3900BB9E24 /* HelloWorld.app */ = {isa = PBXFileReference; explicitFileType = wrapper.application; includeInIndex = 0; path = HelloWorld.app; sourceTree = BUILT_PRODUCTS_DIR; };
		A8F0FFC126F9DB3900BB9E24 /* AppDelegate.swift */ = {isa = PBXFileReference; lastKnownFileType = sourcecode.swift; path = AppDelegate.swift; sourceTree = "<group>"; };
		A8F0FFC326F9DB3900BB9E24 /* SceneDelegate.swift */ = {isa = PBXFileReference; lastKnownFileType = sourcecode.swift; path = SceneDelegate.swift; sourceTree = "<group>"; };
		A8F0FFC526F9DB3900BB9E24 /* ViewController.swift */ = {isa = PBXFileReference; lastKnownFileType = sourcecode.swift; path = ViewController.swift; sourceTree = "<group>"; };
		A8F0FFC826F9DB3900BB9E24 /* Base */ = {isa = PBXFileReference; lastKnownFileType = file.storyboard; name = Base; path = Base.lproj/Main.storyboard; sourceTree = "<group>"; };
		A8F0FFCA26F9DB3D00BB9E24 /* Assets.xcassets */ = {isa = PBXFileReference; lastKnownFileType = folder.assetcatalog; path = Assets.xcassets; sourceTree = "<group>"; };
		A8F0FFCD26F9DB3D00BB9E24 /* Base */ = {isa = PBXFileReference; lastKnownFileType = file.storyboard; name = Base; path = Base.lproj/LaunchScreen.storyboard; sourceTree = "<group>"; };
		A8F0FFCF26F9DB3D00BB9E24 /* Info.plist */ = {isa = PBXFileReference; lastKnownFileType = text.plist.xml; path = Info.plist; sourceTree = "<group>"; };
		A8F0FFD426F9DB3D00BB9E24 /* HelloWorldTests.xctest */ = {isa = PBXFileReference; explicitFileType = wrapper.cfbundle; includeInIndex = 0; path = HelloWorldTests.xctest; sourceTree = BUILT_PRODUCTS_DIR; };
		A8F0FFD826F9DB3D00BB9E24 /* HelloWorldTests.swift */ = {isa = PBXFileReference; lastKnownFileType = sourcecode.swift; path = HelloWorldTests.swift; sourceTree = "<group>"; };
		A8F0FFDA26F9DB3D00BB9E24 /* Info.plist */ = {isa = PBXFileReference; lastKnownFileType = text.plist.xml; path = Info.plist; sourceTree = "<group>"; };
		A8F0FFDF26F9DB3D00BB9E24 /* HelloWorldUITests.xctest */ = {isa = PBXFileReference; explicitFileType = wrapper.cfbundle; includeInIndex = 0; path = HelloWorldUITests.xctest; sourceTree = BUILT_PRODUCTS_DIR; };
		A8F0FFE326F9DB3D00BB9E24 /* HelloWorldUITests.swift */ = {isa = PBXFileReference; lastKnownFileType = sourcecode.swift; path = HelloWorldUITests.swift; sourceTree = "<group>"; };
		A8F0FFE526F9DB3D00BB9E24 /* Info.plist */ = {isa = PBXFileReference; lastKnownFileType = text.plist.xml; path = Info.plist; sourceTree = "<group>"; };
/* End PBXFileReference section */

/* Begin PBXFrameworksBuildPhase section */
		A8F0FFBB26F9DB3900BB9E24 /* Frameworks */ = {
			isa = PBXFrameworksBuildPhase;
			buildActionMask = 2147483647;
			files = (
			);
			runOnlyForDeploymentPostprocessing = 0;
		};
		A8F0FFD126F9DB3D00BB9E24 /* Frameworks */ = {
			isa = PBXFrameworksBuildPhase;
			buildActionMask = 2147483647;
			files = (
			);
			runOnlyForDeploymentPostprocessing = 0;
		};
		A8F0FFDC26F9DB3D00BB9E24 /* Frameworks */ = {
			isa = PBXFrameworksBuildPhase;
			buildActionMask = 2147483647;
			files = (
			);
			runOnlyForDeploymentPostprocessing = 0;
		};
/* End PBXFrameworksBuildPhase section */

/* Begin PBXGroup section */
		A8F0FFB526F9DB3900BB9E24 = {
			isa = PBXGroup;
			children = (
				A8F0FFC026F9DB3900BB9E24 /* HelloWorld */,
				A8F0FFD726F9DB3D00BB9E24 /* HelloWorldTests */,
				A8F0FFE226F9DB3D00BB9E24 /* HelloWorldUITests */,
				A8F0FFBF26F9DB3900BB9E24 /* Products */,
			);
			sourceTree = "<group>";
		};
		A8F0FFBF26F9DB3900BB9E24 /* Products */ = {
			isa = PBXGroup;
			children = (
				A8F0FFBE26F9DB3900BB9E24 /* HelloWorld.app */,
				A8F0FFD426F9DB3D00BB9E24 /* HelloWorldTests.xctest */,
				A8F0FFDF26F9DB3D00BB9E24 /* HelloWorldUITests.xctest */,
			);
			name = Products;
			sourceTree = "<group>";
		};
		A8F0FFC026F9DB3900BB9E24 /* HelloWorld */ = {
			isa = PBXGroup;
			children = (
				A8F0FFC126F9DB3900BB9E24 /* AppDelegate.swift */,
				A8F0FFC326F9DB3900BB9E24 /* SceneDelegate.swift */,
				A8F0FFC526F9DB3900BB9E24 /* ViewController.swift */,
				A8F0FFC726F9DB3900BB9E24 /* Main.storyboard */,
				A8F0FFCA26F9DB3D00BB9E24 /* Assets.xcassets */,
				A8F0FFCC26F9DB3D00BB9E24 /* LaunchScreen.storyboard */,
				A8F0FFCF26F9DB3D00BB9E24 /* Info.plist */,
			);
			path = HelloWorld;
			sourceTree = "<group>";
		};
		A8F0FFD726F9DB3D00BB9E24 /* HelloWorldTests */ = {
			isa = PBXGroup;
			children = (
				A8F0FFD826F9DB3D00BB9E24 /* HelloWorldTests.swift */,
				A8F0FFDA26F9DB3D00BB9E24 /* Info.plist */,
			);
			path = HelloWorldTests;
			sourceTree = "<group>";
		};
		A8F0FFE226F9DB3D00BB9E24 /* HelloWorldUITests */ = {
			isa = PBXGroup;
			children = (
				A8F0FFE326F9DB3D00BB9E24 /* HelloWorldUITests.swift */,
				A8F0FFE526F9DB3D00BB9E24 /* Info.plist */,
			);
			path = HelloWorldUITests;
			sourceTree = "<group>";
		};
/* End PBXGroup section */

/* Begin PBXNativeTarget section */
		A8F0FFBD26F9DB3900BB9E24 /* HelloWorld */ = {
			isa = PBXNativeTarget;
			buildConfigurationList = A8F0FFE826F9DB3D00BB9E24 /* Build configuration list for PBXNativeTarget "HelloWorld" */;
			buildPhases = (
				A8F0FFBA26F9DB3900BB9E24 /* Sources */,
				A8F0FFBB26F9DB3900BB9E24 /* Frameworks */,
				A8F0FFBC26F9DB3900BB9E24 /* Resources */,
			);
			buildRules = (
			);
			dependencies = (
			);
			name = HelloWorld;
			productName = HelloWorld;
			productReference = A8F0FFBE26F9DB3900BB9E24 /* HelloWorld.app */;
			productType = "com.apple.product-type.application";
		};
		A8F0FFD326F9DB3D00BB9E24 /* HelloWorldTests */ = {
			isa = PBXNativeTarget;
			buildConfigurationList = A8F0FFEB26F9DB3D00BB9E24 /* Build configuration list for PBXNativeTarget "HelloWorldTests" */;
			buildPhases = (
				A8F0FFD026F9DB3D00BB9E24 /* Sources */,
				A8F0FFD126F9DB3D00BB9E24 /* Frameworks */,
				A8F0FFD226F9DB3D00BB9E24 /* Resources */,
			);
			buildRules = (
			);
			dependencies = (
				A8F0FFD626F9DB3D00BB9E24 /* PBXTargetDependency */,
			);
			name = HelloWorldTests;
			productName = HelloWorldTests;
			productReference = A8F0FFD426F9DB3D00BB9E24 /* HelloWorldTests.xctest */;
			productType = "com.apple.product-type.bundle.unit-test";
		};
		A8F0FFDE26F9DB3D00BB9E24 /* HelloWorldUITests */ = {
			isa = PBXNativeTarget;
			buildConfigurationList = A8F0FFEE26F9DB3D00BB9E24 /* Build configuration list for PBXNativeTarget "HelloWorldUITests" */;
			buildPhases = (
				A8F0FFDB26F9DB3D00BB9E24 /* Sources */,
				A8F0FFDC26F9DB3D00BB9E24 /* Frameworks */,
				A8F0FFDD26F9DB3D00BB9E24 /* Resources */,
			);
			buildRules = (
			);
			dependencies = (
				A8F0FFE126F9DB3D00BB9E24 /* PBXTargetDependency */,
			);
			name = HelloWorldUITests;
			productName = HelloWorldUITests;
			productReference = A8F0FFDF26F9DB3D00BB9E24 /* HelloWorldUITests.xctest */;
			productType = "com.apple.product-type.bundle.ui-testing";
		};
/* End PBXNativeTarget section */

/* Begin PBXProject section */
		A8F0FFB626F9DB3900BB9E24 /* Project object */ = {
			isa = PBXProject;
			attributes = {
				LastSwiftUpdateCheck = 1250;
				LastUpgradeCheck = 1250;
				TargetAttributes = {
					A8F0FFBD26F9DB3900BB9E24 = {
						CreatedOnToolsVersion = 12.5.1;
					};
					A8F0FFD326F9DB3D00BB9E24 = {
						CreatedOnToolsVersion = 12.5.1;
						TestTargetID = A8F0FFBD26F9DB3900BB9E24;
					};
					A8F0FFDE26F9DB3D00BB9E24 = {
						CreatedOnToolsVersion = 12.5.1;
						TestTargetID = A8F0FFBD26F9DB3900BB9E24;
					};
				};
			};
			buildConfigurationList = A8F0FFB926F9DB3900BB9E24 /* Build configuration list for PBXProject "HelloWorld" */;
			compatibilityVersion = "Xcode 9.3";
			developmentRegion = en;
			hasScannedForEncodings = 0;
			knownRegions = (
				en,
				Base,
			);
			mainGroup = A8F0FFB526F9DB3900BB9E24;
			productRefGroup = A8F0FFBF26F9DB3900BB9E24 /* Products */;
			projectDirPath = "";
			projectRoot = "";
			targets = (
				A8F0FFBD26F9DB3900BB9E24 /* HelloWorld */,
				A8F0FFD326F9DB3D00BB9E24 /* HelloWorldTests */,
				A8F0FFDE26F9DB3D00BB9E24 /* HelloWorldUITests */,
			);
		};
/* End PBXProject section */

/* Begin PBXResourcesBuildPhase section */
		A8F0FFBC26F9DB3900BB9E24 /* Resources */ = {
			isa = PBXResourcesBuildPhase;
			buildActionMask = 2147483647;
			files = (
				A8F0FFCE26F9DB3D00BB9E24 /* LaunchScreen.storyboard in Resources */,
				A8F0FFCB26F9DB3D00BB9E24 /* Assets.xcassets in Resources */,
				A8F0FFC926F9DB3900BB9E24 /* Main.storyboard in Resources */,
			);
			runOnlyForDeploymentPostprocessing = 0;
		};
		A8F0FFD226F9DB3D00BB9E24 /* Resources */ = {
			isa = PBXResourcesBuildPhase;
			buildActionMask = 2147483647;
			files = (
			);
			runOnlyForDeploymentPostprocessing = 0;
		};
		A8F0FFDD26F9DB3D00BB9E24 /* Resources */ = {
			isa = PBXResourcesBuildPhase;
			buildActionMask = 2147483647;
			files = (
			);
			runOnlyForDeploymentPostprocessing = 0;
		};
/* End PBXResourcesBuildPhase section */

/* Begin PBXSourcesBuildPhase section */
		A8F0FFBA26F9DB3900BB9E24 /* Sources */ = {
			isa = PBXSourcesBuildPhase;
			buildActionMask = 2147483647;
			files = (
				A8F0FFC626F9DB3900BB9E24 /* ViewController.swift in Sources */,
				A8F0FFC226F9DB3900BB9E24 /* AppDelegate.swift in Sources */,
				A8F0FFC426F9DB3900BB9E24 /* SceneDelegate.swift in Sources */,
			);
			runOnlyForDeploymentPostprocessing = 0;
		};
		A8F0FFD026F9DB3D00BB9E24 /* Sources */ = {
			isa = PBXSourcesBuildPhase;
			buildActionMask = 2147483647;
			files = (
				A8F0FFD926F9DB3D00BB9E24 /* HelloWorldTests.swift in Sources */,
			);
			runOnlyForDeploymentPostprocessing = 0;
		};
		A8F0FFDB26F9DB3D00BB9E24 /* Sources */ = {
			isa = PBXSourcesBuildPhase;
			buildActionMask = 2147483647;
			files = (
				A8F0FFE426F9DB3D00BB9E24 /* HelloWorldUITests.swift in Sources */,
			);
			runOnlyForDeploymentPostprocessing = 0;
		};
/* End PBXSourcesBuildPhase section */

/* Begin PBXTargetDependency section */
		A8F0FFD626F9DB3D00BB9E24 /* PBXTargetDependency */ = {
			isa = PBXTargetDependency;
			target = A8F0FFBD26F9DB3900BB9E24 /* HelloWorld */;
			targetProxy = A8F0FFD526F9DB3D00BB9E24 /* PBXContainerItemProxy */;
		};
		A8F0FFE126F9DB3D00BB9E24 /* PBXTargetDependency */ = {
			isa = PBXTargetDependency;
			target = A8F0FFBD26F9DB3900BB9E24 /* HelloWorld */;
			targetProxy = A8F0FFE026F9DB3D00BB9E24 /* PBXContainerItemProxy */;
		};
/* End PBXTargetDependency section */

/* Begin PBXVariantGroup section */
		A8F0FFC726F9DB3900BB9E24 /* Main.storyboard */ = {
			isa = PBXVariantGroup;
			children = (
				A8F0FFC826F9DB3900BB9E24 /* Base */,
			);
			name = Main.storyboard;
			sourceTree = "<group>";
		};
		A8F0FFCC26F9DB3D00BB9E24 /* LaunchScreen.storyboard */ = {
			isa = PBXVariantGroup;
			children = (
				A8F0FFCD26F9DB3D00BB9E24 /* Base */,
			);
			name = LaunchScreen.storyboard;
			sourceTree = "<group>";
		};
/* End PBXVariantGroup section */

/* Begin XCBuildConfiguration section */
		A8F0FFE626F9DB3D00BB9E24 /* Debug */ = {
			isa = XCBuildConfiguration;
			buildSettings = {
				ALWAYS_SEARCH_USER_PATHS = NO;
				CLANG_ANALYZER_NONNULL = YES;
				CLANG_ANALYZER_NUMBER_OBJECT_CONVERSION = YES_AGGRESSIVE;
				CLANG_CXX_LANGUAGE_STANDARD = "gnu++14";
				CLANG_CXX_LIBRARY = "libc++";
				CLANG_ENABLE_MODULES = YES;
				CLANG_ENABLE_OBJC_ARC = YES;
				CLANG_ENABLE_OBJC_WEAK = YES;
				CLANG_WARN_BLOCK_CAPTURE_AUTORELEASING = YES;
				CLANG_WARN_BOOL_CONVERSION = YES;
				CLANG_WARN_COMMA = YES;
				CLANG_WARN_CONSTANT_CONVERSION = YES;
				CLANG_WARN_DEPRECATED_OBJC_IMPLEMENTATIONS = YES;
				CLANG_WARN_DIRECT_OBJC_ISA_USAGE = YES_ERROR;
				CLANG_WARN_DOCUMENTATION_COMMENTS = YES;
				CLANG_WARN_EMPTY_BODY = YES;
				CLANG_WARN_ENUM_CONVERSION = YES;
				CLANG_WARN_INFINITE_RECURSION = YES;
				CLANG_WARN_INT_CONVERSION = YES;
				CLANG_WARN_NON_LITERAL_NULL_CONVERSION = YES;
				CLANG_WARN_OBJC_IMPLICIT_RETAIN_SELF = YES;
				CLANG_WARN_OBJC_LITERAL_CONVERSION = YES;
				CLANG_WARN_OBJC_ROOT_CLASS = YES_ERROR;
				CLANG_WARN_QUOTED_INCLUDE_IN_FRAMEWORK_HEADER = YES;
				CLANG_WARN_RANGE_LOOP_ANALYSIS = YES;
				CLANG_WARN_STRICT_PROTOTYPES = YES;
				CLANG_WARN_SUSPICIOUS_MOVE = YES;
				CLANG_WARN_UNGUARDED_AVAILABILITY = YES_AGGRESSIVE;
				CLANG_WARN_UNREACHABLE_CODE = YES;
				CLANG_WARN__DUPLICATE_METHOD_MATCH = YES;
				COPY_PHASE_STRIP = NO;
				DEBUG_INFORMATION_FORMAT = dwarf;
				ENABLE_STRICT_OBJC_MSGSEND = YES;
				ENABLE_TESTABILITY = YES;
				GCC_C_LANGUAGE_STANDARD = gnu11;
				GCC_DYNAMIC_NO_PIC = NO;
				GCC_NO_COMMON_BLOCKS = YES;
				GCC_OPTIMIZATION_LEVEL = 0;
				GCC_PREPROCESSOR_DEFINITIONS = (
					"DEBUG=1",
					"$(inherited)",
				);
				GCC_WARN_64_TO_32_BIT_CONVERSION = YES;
				GCC_WARN_ABOUT_RETURN_TYPE = YES_ERROR;
				GCC_WARN_UNDECLARED_SELECTOR = YES;
				GCC_WARN_UNINITIALIZED_AUTOS = YES_AGGRESSIVE;
				GCC_WARN_UNUSED_FUNCTION = YES;
				GCC_WARN_UNUSED_VARIABLE = YES;
				IPHONEOS_DEPLOYMENT_TARGET = 14.5;
				MTL_ENABLE_DEBUG_INFO = INCLUDE_SOURCE;
				MTL_FAST_MATH = YES;
				ONLY_ACTIVE_ARCH = YES;
				SDKROOT = iphoneos;
				SWIFT_ACTIVE_COMPILATION_CONDITIONS = DEBUG;
				SWIFT_OPTIMIZATION_LEVEL = "-Onone";
			};
			name = Debug;
		};
		A8F0FFE726F9DB3D00BB9E24 /* Release */ = {
			isa = XCBuildConfiguration;
			buildSettings = {
				ALWAYS_SEARCH_USER_PATHS = NO;
				CLANG_ANALYZER_NONNULL = YES;
				CLANG_ANALYZER_NUMBER_OBJECT_CONVERSION = YES_AGGRESSIVE;
				CLANG_CXX_LANGUAGE_STANDARD = "gnu++14";
				CLANG_CXX_LIBRARY = "libc++";
				CLANG_ENABLE_MODULES = YES;
				CLANG_ENABLE_OBJC_ARC = YES;
				CLANG_ENABLE_OBJC_WEAK = YES;
				CLANG_WARN_BLOCK_CAPTURE_AUTORELEASING = YES;
				CLANG_WARN_BOOL_CONVERSION = YES;
				CLANG_WARN_COMMA = YES;
				CLANG_WARN_CONSTANT_CONVERSION = YES;
				CLANG_WARN_DEPRECATED_OBJC_IMPLEMENTATIONS = YES;
				CLANG_WARN_DIRECT_OBJC_ISA_USAGE = YES_ERROR;
				CLANG_WARN_DOCUMENTATION_COMMENTS = YES;
				CLANG_WARN_EMPTY_BODY = YES;
				CLANG_WARN_ENUM_CONVERSION = YES;
				CLANG_WARN_INFINITE_RECURSION = YES;
				CLANG_WARN_INT_CONVERSION = YES;
				CLANG_WARN_NON_LITERAL_NULL_CONVERSION = YES;
				CLANG_WARN_OBJC_IMPLICIT_RETAIN_SELF = YES;
				CLANG_WARN_OBJC_LITERAL_CONVERSION = YES;
				CLANG_WARN_OBJC_ROOT_CLASS = YES_ERROR;
				CLANG_WARN_QUOTED_INCLUDE_IN_FRAMEWORK_HEADER = YES;
				CLANG_WARN_RANGE_LOOP_ANALYSIS = YES;
				CLANG_WARN_STRICT_PROTOTYPES = YES;
				CLANG_WARN_SUSPICIOUS_MOVE = YES;
				CLANG_WARN_UNGUARDED_AVAILABILITY = YES_AGGRESSIVE;
				CLANG_WARN_UNREACHABLE_CODE = YES;
				CLANG_WARN__DUPLICATE_METHOD_MATCH = YES;
				COPY_PHASE_STRIP = NO;
				DEBUG_INFORMATION_FORMAT = "dwarf-with-dsym";
				ENABLE_NS_ASSERTIONS = NO;
				ENABLE_STRICT_OBJC_MSGSEND = YES;
				GCC_C_LANGUAGE_STANDARD = gnu11;
				GCC_NO_COMMON_BLOCKS = YES;
				GCC_WARN_64_TO_32_BIT_CONVERSION = YES;
				GCC_WARN_ABOUT_RETURN_TYPE = YES_ERROR;
				GCC_WARN_UNDECLARED_SELECTOR = YES;
				GCC_WARN_UNINITIALIZED_AUTOS = YES_AGGRESSIVE;
				GCC_WARN_UNUSED_FUNCTION = YES;
				GCC_WARN_UNUSED_VARIABLE = YES;
				IPHONEOS_DEPLOYMENT_TARGET = 14.5;
				MTL_ENABLE_DEBUG_INFO = NO;
				MTL_FAST_MATH = YES;
				SDKROOT = iphoneos;
				SWIFT_COMPILATION_MODE = wholemodule;
				SWIFT_OPTIMIZATION_LEVEL = "-O";
				VALIDATE_PRODUCT = YES;
			};
			name = Release;
		};
		A8F0FFE926F9DB3D00BB9E24 /* Debug */ = {
			isa = XCBuildConfiguration;
			buildSettings = {
				ASSETCATALOG_COMPILER_APPICON_NAME = AppIcon;
				ASSETCATALOG_COMPILER_GLOBAL_ACCENT_COLOR_NAME = AccentColor;
				CODE_SIGN_STYLE = Automatic;
				INFOPLIST_FILE = HelloWorld/Info.plist;
				LD_RUNPATH_SEARCH_PATHS = (
					"$(inherited)",
					"@executable_path/Frameworks",
				);
				PRODUCT_BUNDLE_IDENTIFIER = "at.ac.htl-leonding.bhitm18.HelloWorld";
				PRODUCT_NAME = "$(TARGET_NAME)";
				SWIFT_VERSION = 5.0;
				TARGETED_DEVICE_FAMILY = "1,2";
			};
			name = Debug;
		};
		A8F0FFEA26F9DB3D00BB9E24 /* Release */ = {
			isa = XCBuildConfiguration;
			buildSettings = {
				ASSETCATALOG_COMPILER_APPICON_NAME = AppIcon;
				ASSETCATALOG_COMPILER_GLOBAL_ACCENT_COLOR_NAME = AccentColor;
				CODE_SIGN_STYLE = Automatic;
				INFOPLIST_FILE = HelloWorld/Info.plist;
				LD_RUNPATH_SEARCH_PATHS = (
					"$(inherited)",
					"@executable_path/Frameworks",
				);
				PRODUCT_BUNDLE_IDENTIFIER = "at.ac.htl-leonding.bhitm18.HelloWorld";
				PRODUCT_NAME = "$(TARGET_NAME)";
				SWIFT_VERSION = 5.0;
				TARGETED_DEVICE_FAMILY = "1,2";
			};
			name = Release;
		};
		A8F0FFEC26F9DB3D00BB9E24 /* Debug */ = {
			isa = XCBuildConfiguration;
			buildSettings = {
				ALWAYS_EMBED_SWIFT_STANDARD_LIBRARIES = YES;
				BUNDLE_LOADER = "$(TEST_HOST)";
				CODE_SIGN_STYLE = Automatic;
				INFOPLIST_FILE = HelloWorldTests/Info.plist;
				IPHONEOS_DEPLOYMENT_TARGET = 14.5;
				LD_RUNPATH_SEARCH_PATHS = (
					"$(inherited)",
					"@executable_path/Frameworks",
					"@loader_path/Frameworks",
				);
				PRODUCT_BUNDLE_IDENTIFIER = "at.ac.htl-leonding.bhitm18.HelloWorldTests";
				PRODUCT_NAME = "$(TARGET_NAME)";
				SWIFT_VERSION = 5.0;
				TARGETED_DEVICE_FAMILY = "1,2";
				TEST_HOST = "$(BUILT_PRODUCTS_DIR)/HelloWorld.app/HelloWorld";
			};
			name = Debug;
		};
		A8F0FFED26F9DB3D00BB9E24 /* Release */ = {
			isa = XCBuildConfiguration;
			buildSettings = {
				ALWAYS_EMBED_SWIFT_STANDARD_LIBRARIES = YES;
				BUNDLE_LOADER = "$(TEST_HOST)";
				CODE_SIGN_STYLE = Automatic;
				INFOPLIST_FILE = HelloWorldTests/Info.plist;
				IPHONEOS_DEPLOYMENT_TARGET = 14.5;
				LD_RUNPATH_SEARCH_PATHS = (
					"$(inherited)",
					"@executable_path/Frameworks",
					"@loader_path/Frameworks",
				);
				PRODUCT_BUNDLE_IDENTIFIER = "at.ac.htl-leonding.bhitm18.HelloWorldTests";
				PRODUCT_NAME = "$(TARGET_NAME)";
				SWIFT_VERSION = 5.0;
				TARGETED_DEVICE_FAMILY = "1,2";
				TEST_HOST = "$(BUILT_PRODUCTS_DIR)/HelloWorld.app/HelloWorld";
			};
			name = Release;
		};
		A8F0FFEF26F9DB3D00BB9E24 /* Debug */ = {
			isa = XCBuildConfiguration;
			buildSettings = {
				ALWAYS_EMBED_SWIFT_STANDARD_LIBRARIES = YES;
				CODE_SIGN_STYLE = Automatic;
				INFOPLIST_FILE = HelloWorldUITests/Info.plist;
				LD_RUNPATH_SEARCH_PATHS = (
					"$(inherited)",
					"@executable_path/Frameworks",
					"@loader_path/Frameworks",
				);
				PRODUCT_BUNDLE_IDENTIFIER = "at.ac.htl-leonding.bhitm18.HelloWorldUITests";
				PRODUCT_NAME = "$(TARGET_NAME)";
				SWIFT_VERSION = 5.0;
				TARGETED_DEVICE_FAMILY = "1,2";
				TEST_TARGET_NAME = HelloWorld;
			};
			name = Debug;
		};
		A8F0FFF026F9DB3D00BB9E24 /* Release */ = {
			isa = XCBuildConfiguration;
			buildSettings = {
				ALWAYS_EMBED_SWIFT_STANDARD_LIBRARIES = YES;
				CODE_SIGN_STYLE = Automatic;
				INFOPLIST_FILE = HelloWorldUITests/Info.plist;
				LD_RUNPATH_SEARCH_PATHS = (
					"$(inherited)",
					"@executable_path/Frameworks",
					"@loader_path/Frameworks",
				);
				PRODUCT_BUNDLE_IDENTIFIER = "at.ac.htl-leonding.bhitm18.HelloWorldUITests";
				PRODUCT_NAME = "$(TARGET_NAME)";
				SWIFT_VERSION = 5.0;
				TARGETED_DEVICE_FAMILY = "1,2";
				TEST_TARGET_NAME = HelloWorld;
			};
			name = Release;
		};
/* End XCBuildConfiguration section */

/* Begin XCConfigurationList section */
		A8F0FFB926F9DB3900BB9E24 /* Build configuration list for PBXProject "HelloWorld" */ = {
			isa = XCConfigurationList;
			buildConfigurations = (
				A8F0FFE626F9DB3D00BB9E24 /* Debug */,
				A8F0FFE726F9DB3D00BB9E24 /* Release */,
			);
			defaultConfigurationIsVisible = 0;
			defaultConfigurationName = Release;
		};
		A8F0FFE826F9DB3D00BB9E24 /* Build configuration list for PBXNativeTarget "HelloWorld" */ = {
			isa = XCConfigurationList;
			buildConfigurations = (
				A8F0FFE926F9DB3D00BB9E24 /* Debug */,
				A8F0FFEA26F9DB3D00BB9E24 /* Release */,
			);
			defaultConfigurationIsVisible = 0;
			defaultConfigurationName = Release;
		};
		A8F0FFEB26F9DB3D00BB9E24 /* Build configuration list for PBXNativeTarget "HelloWorldTests" */ = {
			isa = XCConfigurationList;
			buildConfigurations = (
				A8F0FFEC26F9DB3D00BB9E24 /* Debug */,
				A8F0FFED26F9DB3D00BB9E24 /* Release */,
			);
			defaultConfigurationIsVisible = 0;
			defaultConfigurationName = Release;
		};
		A8F0FFEE26F9DB3D00BB9E24 /* Build configuration list for PBXNativeTarget "HelloWorldUITests" */ = {
			isa = XCConfigurationList;
			buildConfigurations = (
				A8F0FFEF26F9DB3D00BB9E24 /* Debug */,
				A8F0FFF026F9DB3D00BB9E24 /* Release */,
			);
			defaultConfigurationIsVisible = 0;
			defaultConfigurationName = Release;
		};
/* End XCConfigurationList section */
	};
	rootObject = A8F0FFB626F9DB3900BB9E24 /* Project object */;
}
