// !$*UTF8*$!
{
	archiveVersion = 1;
	classes = {
	};
	objectVersion = 50;
	objects = {

/* Begin PBXBuildFile section */
		A830D53C270C586B000A932B /* AppDelegate.swift in Sources */ = {isa = PBXBuildFile; fileRef = A830D53B270C586B000A932B /* AppDelegate.swift */; };
		A830D53E270C586B000A932B /* SceneDelegate.swift in Sources */ = {isa = PBXBuildFile; fileRef = A830D53D270C586B000A932B /* SceneDelegate.swift */; };
		A830D540270C586B000A932B /* ViewController.swift in Sources */ = {isa = PBXBuildFile; fileRef = A830D53F270C586B000A932B /* ViewController.swift */; };
		A830D543270C586B000A932B /* Main.storyboard in Resources */ = {isa = PBXBuildFile; fileRef = A830D541270C586B000A932B /* Main.storyboard */; };
		A830D545270C586F000A932B /* Assets.xcassets in Resources */ = {isa = PBXBuildFile; fileRef = A830D544270C586F000A932B /* Assets.xcassets */; };
		A830D548270C586F000A932B /* LaunchScreen.storyboard in Resources */ = {isa = PBXBuildFile; fileRef = A830D546270C586F000A932B /* LaunchScreen.storyboard */; };
		A830D550270C5F17000A932B /* Model.swift in Sources */ = {isa = PBXBuildFile; fileRef = A830D54F270C5F17000A932B /* Model.swift */; };
		A8E04E2E27158B96000C1306 /* ff1071659a06ebce335f0594e397850c.jpg in Resources */ = {isa = PBXBuildFile; fileRef = A8E04E2D27158B96000C1306 /* ff1071659a06ebce335f0594e397850c.jpg */; };
		A8E203CD2743C6250007702F /* HistoryViewController.swift in Sources */ = {isa = PBXBuildFile; fileRef = A8E203CC2743C6250007702F /* HistoryViewController.swift */; };
		A8E203D02743CEF80007702F /* sad.png in Resources */ = {isa = PBXBuildFile; fileRef = A8E203CE2743CEF70007702F /* sad.png */; };
		A8E203D12743CEF80007702F /* happy.png in Resources */ = {isa = PBXBuildFile; fileRef = A8E203CF2743CEF80007702F /* happy.png */; };
		BB07DD632771B536003EE05B /* TableViewController.swift in Sources */ = {isa = PBXBuildFile; fileRef = BB07DD622771B536003EE05B /* TableViewController.swift */; };
/* End PBXBuildFile section */

/* Begin PBXFileReference section */
		A830D538270C586B000A932B /* NumberGuess_v2.app */ = {isa = PBXFileReference; explicitFileType = wrapper.application; includeInIndex = 0; path = NumberGuess_v2.app; sourceTree = BUILT_PRODUCTS_DIR; };
		A830D53B270C586B000A932B /* AppDelegate.swift */ = {isa = PBXFileReference; lastKnownFileType = sourcecode.swift; path = AppDelegate.swift; sourceTree = "<group>"; };
		A830D53D270C586B000A932B /* SceneDelegate.swift */ = {isa = PBXFileReference; lastKnownFileType = sourcecode.swift; path = SceneDelegate.swift; sourceTree = "<group>"; };
		A830D53F270C586B000A932B /* ViewController.swift */ = {isa = PBXFileReference; lastKnownFileType = sourcecode.swift; path = ViewController.swift; sourceTree = "<group>"; };
		A830D542270C586B000A932B /* Base */ = {isa = PBXFileReference; lastKnownFileType = file.storyboard; name = Base; path = Base.lproj/Main.storyboard; sourceTree = "<group>"; };
		A830D544270C586F000A932B /* Assets.xcassets */ = {isa = PBXFileReference; lastKnownFileType = folder.assetcatalog; path = Assets.xcassets; sourceTree = "<group>"; };
		A830D547270C586F000A932B /* Base */ = {isa = PBXFileReference; lastKnownFileType = file.storyboard; name = Base; path = Base.lproj/LaunchScreen.storyboard; sourceTree = "<group>"; };
		A830D549270C586F000A932B /* Info.plist */ = {isa = PBXFileReference; lastKnownFileType = text.plist.xml; path = Info.plist; sourceTree = "<group>"; };
		A830D54F270C5F17000A932B /* Model.swift */ = {isa = PBXFileReference; lastKnownFileType = sourcecode.swift; path = Model.swift; sourceTree = "<group>"; };
		A8E04E2D27158B96000C1306 /* ff1071659a06ebce335f0594e397850c.jpg */ = {isa = PBXFileReference; lastKnownFileType = image.jpeg; path = ff1071659a06ebce335f0594e397850c.jpg; sourceTree = "<group>"; };
		A8E203CC2743C6250007702F /* HistoryViewController.swift */ = {isa = PBXFileReference; lastKnownFileType = sourcecode.swift; path = HistoryViewController.swift; sourceTree = "<group>"; };
		A8E203CE2743CEF70007702F /* sad.png */ = {isa = PBXFileReference; lastKnownFileType = image.png; path = sad.png; sourceTree = "<group>"; };
		A8E203CF2743CEF80007702F /* happy.png */ = {isa = PBXFileReference; lastKnownFileType = image.png; path = happy.png; sourceTree = "<group>"; };
		BB07DD622771B536003EE05B /* TableViewController.swift */ = {isa = PBXFileReference; lastKnownFileType = sourcecode.swift; path = TableViewController.swift; sourceTree = "<group>"; };
/* End PBXFileReference section */

/* Begin PBXFrameworksBuildPhase section */
		A830D535270C586B000A932B /* Frameworks */ = {
			isa = PBXFrameworksBuildPhase;
			buildActionMask = 2147483647;
			files = (
			);
			runOnlyForDeploymentPostprocessing = 0;
		};
/* End PBXFrameworksBuildPhase section */

/* Begin PBXGroup section */
		A830D52F270C586B000A932B = {
			isa = PBXGroup;
			children = (
				A830D53A270C586B000A932B /* NumberGuess_v2 */,
				A830D539270C586B000A932B /* Products */,
			);
			sourceTree = "<group>";
		};
		A830D539270C586B000A932B /* Products */ = {
			isa = PBXGroup;
			children = (
				A830D538270C586B000A932B /* NumberGuess_v2.app */,
			);
			name = Products;
			sourceTree = "<group>";
		};
		A830D53A270C586B000A932B /* NumberGuess_v2 */ = {
			isa = PBXGroup;
			children = (
				A8E04E2D27158B96000C1306 /* ff1071659a06ebce335f0594e397850c.jpg */,
				A8E203CF2743CEF80007702F /* happy.png */,
				A8E203CE2743CEF70007702F /* sad.png */,
				A830D53B270C586B000A932B /* AppDelegate.swift */,
				A830D53D270C586B000A932B /* SceneDelegate.swift */,
				A830D53F270C586B000A932B /* ViewController.swift */,
				A830D541270C586B000A932B /* Main.storyboard */,
				A8E203CC2743C6250007702F /* HistoryViewController.swift */,
				A830D544270C586F000A932B /* Assets.xcassets */,
				A830D546270C586F000A932B /* LaunchScreen.storyboard */,
				A830D549270C586F000A932B /* Info.plist */,
				A830D54F270C5F17000A932B /* Model.swift */,
				BB07DD622771B536003EE05B /* TableViewController.swift */,
			);
			path = NumberGuess_v2;
			sourceTree = "<group>";
		};
/* End PBXGroup section */

/* Begin PBXNativeTarget section */
		A830D537270C586B000A932B /* NumberGuess_v2 */ = {
			isa = PBXNativeTarget;
			buildConfigurationList = A830D54C270C586F000A932B /* Build configuration list for PBXNativeTarget "NumberGuess_v2" */;
			buildPhases = (
				A830D534270C586B000A932B /* Sources */,
				A830D535270C586B000A932B /* Frameworks */,
				A830D536270C586B000A932B /* Resources */,
			);
			buildRules = (
			);
			dependencies = (
			);
			name = NumberGuess_v2;
			productName = NumberGuess_v2;
			productReference = A830D538270C586B000A932B /* NumberGuess_v2.app */;
			productType = "com.apple.product-type.application";
		};
/* End PBXNativeTarget section */

/* Begin PBXProject section */
		A830D530270C586B000A932B /* Project object */ = {
			isa = PBXProject;
			attributes = {
				LastSwiftUpdateCheck = 1250;
				LastUpgradeCheck = 1250;
				TargetAttributes = {
					A830D537270C586B000A932B = {
						CreatedOnToolsVersion = 12.5.1;
					};
				};
			};
			buildConfigurationList = A830D533270C586B000A932B /* Build configuration list for PBXProject "NumberGuess_v2" */;
			compatibilityVersion = "Xcode 9.3";
			developmentRegion = en;
			hasScannedForEncodings = 0;
			knownRegions = (
				en,
				Base,
			);
			mainGroup = A830D52F270C586B000A932B;
			productRefGroup = A830D539270C586B000A932B /* Products */;
			projectDirPath = "";
			projectRoot = "";
			targets = (
				A830D537270C586B000A932B /* NumberGuess_v2 */,
			);
		};
/* End PBXProject section */

/* Begin PBXResourcesBuildPhase section */
		A830D536270C586B000A932B /* Resources */ = {
			isa = PBXResourcesBuildPhase;
			buildActionMask = 2147483647;
			files = (
				A830D548270C586F000A932B /* LaunchScreen.storyboard in Resources */,
				A8E04E2E27158B96000C1306 /* ff1071659a06ebce335f0594e397850c.jpg in Resources */,
				A8E203D12743CEF80007702F /* happy.png in Resources */,
				A8E203D02743CEF80007702F /* sad.png in Resources */,
				A830D545270C586F000A932B /* Assets.xcassets in Resources */,
				A830D543270C586B000A932B /* Main.storyboard in Resources */,
			);
			runOnlyForDeploymentPostprocessing = 0;
		};
/* End PBXResourcesBuildPhase section */

/* Begin PBXSourcesBuildPhase section */
		A830D534270C586B000A932B /* Sources */ = {
			isa = PBXSourcesBuildPhase;
			buildActionMask = 2147483647;
			files = (
				A830D540270C586B000A932B /* ViewController.swift in Sources */,
				BB07DD632771B536003EE05B /* TableViewController.swift in Sources */,
				A830D53C270C586B000A932B /* AppDelegate.swift in Sources */,
				A830D53E270C586B000A932B /* SceneDelegate.swift in Sources */,
				A8E203CD2743C6250007702F /* HistoryViewController.swift in Sources */,
				A830D550270C5F17000A932B /* Model.swift in Sources */,
			);
			runOnlyForDeploymentPostprocessing = 0;
		};
/* End PBXSourcesBuildPhase section */

/* Begin PBXVariantGroup section */
		A830D541270C586B000A932B /* Main.storyboard */ = {
			isa = PBXVariantGroup;
			children = (
				A830D542270C586B000A932B /* Base */,
			);
			name = Main.storyboard;
			sourceTree = "<group>";
		};
		A830D546270C586F000A932B /* LaunchScreen.storyboard */ = {
			isa = PBXVariantGroup;
			children = (
				A830D547270C586F000A932B /* Base */,
			);
			name = LaunchScreen.storyboard;
			sourceTree = "<group>";
		};
/* End PBXVariantGroup section */

/* Begin XCBuildConfiguration section */
		A830D54A270C586F000A932B /* Debug */ = {
			isa = XCBuildConfiguration;
			buildSettings = {
				ALWAYS_SEARCH_USER_PATHS = NO;
				CLANG_ANALYZER_NONNULL = YES;
				CLANG_ANALYZER_NUMBER_OBJECT_CONVERSION = YES_AGGRESSIVE;
				CLANG_CXX_LANGUAGE_STANDARD = "gnu++14";
				CLANG_CXX_LIBRARY = "libc++";
				CLANG_ENABLE_MODULES = YES;
				CLANG_ENABLE_OBJC_ARC = YES;
				CLANG_ENABLE_OBJC_WEAK = YES;
				CLANG_WARN_BLOCK_CAPTURE_AUTORELEASING = YES;
				CLANG_WARN_BOOL_CONVERSION = YES;
				CLANG_WARN_COMMA = YES;
				CLANG_WARN_CONSTANT_CONVERSION = YES;
				CLANG_WARN_DEPRECATED_OBJC_IMPLEMENTATIONS = YES;
				CLANG_WARN_DIRECT_OBJC_ISA_USAGE = YES_ERROR;
				CLANG_WARN_DOCUMENTATION_COMMENTS = YES;
				CLANG_WARN_EMPTY_BODY = YES;
				CLANG_WARN_ENUM_CONVERSION = YES;
				CLANG_WARN_INFINITE_RECURSION = YES;
				CLANG_WARN_INT_CONVERSION = YES;
				CLANG_WARN_NON_LITERAL_NULL_CONVERSION = YES;
				CLANG_WARN_OBJC_IMPLICIT_RETAIN_SELF = YES;
				CLANG_WARN_OBJC_LITERAL_CONVERSION = YES;
				CLANG_WARN_OBJC_ROOT_CLASS = YES_ERROR;
				CLANG_WARN_QUOTED_INCLUDE_IN_FRAMEWORK_HEADER = YES;
				CLANG_WARN_RANGE_LOOP_ANALYSIS = YES;
				CLANG_WARN_STRICT_PROTOTYPES = YES;
				CLANG_WARN_SUSPICIOUS_MOVE = YES;
				CLANG_WARN_UNGUARDED_AVAILABILITY = YES_AGGRESSIVE;
				CLANG_WARN_UNREACHABLE_CODE = YES;
				CLANG_WARN__DUPLICATE_METHOD_MATCH = YES;
				COPY_PHASE_STRIP = NO;
				DEBUG_INFORMATION_FORMAT = dwarf;
				ENABLE_STRICT_OBJC_MSGSEND = YES;
				ENABLE_TESTABILITY = YES;
				GCC_C_LANGUAGE_STANDARD = gnu11;
				GCC_DYNAMIC_NO_PIC = NO;
				GCC_NO_COMMON_BLOCKS = YES;
				GCC_OPTIMIZATION_LEVEL = 0;
				GCC_PREPROCESSOR_DEFINITIONS = (
					"DEBUG=1",
					"$(inherited)",
				);
				GCC_WARN_64_TO_32_BIT_CONVERSION = YES;
				GCC_WARN_ABOUT_RETURN_TYPE = YES_ERROR;
				GCC_WARN_UNDECLARED_SELECTOR = YES;
				GCC_WARN_UNINITIALIZED_AUTOS = YES_AGGRESSIVE;
				GCC_WARN_UNUSED_FUNCTION = YES;
				GCC_WARN_UNUSED_VARIABLE = YES;
				IPHONEOS_DEPLOYMENT_TARGET = 14.5;
				MTL_ENABLE_DEBUG_INFO = INCLUDE_SOURCE;
				MTL_FAST_MATH = YES;
				ONLY_ACTIVE_ARCH = YES;
				SDKROOT = iphoneos;
				SWIFT_ACTIVE_COMPILATION_CONDITIONS = DEBUG;
				SWIFT_OPTIMIZATION_LEVEL = "-Onone";
			};
			name = Debug;
		};
		A830D54B270C586F000A932B /* Release */ = {
			isa = XCBuildConfiguration;
			buildSettings = {
				ALWAYS_SEARCH_USER_PATHS = NO;
				CLANG_ANALYZER_NONNULL = YES;
				CLANG_ANALYZER_NUMBER_OBJECT_CONVERSION = YES_AGGRESSIVE;
				CLANG_CXX_LANGUAGE_STANDARD = "gnu++14";
				CLANG_CXX_LIBRARY = "libc++";
				CLANG_ENABLE_MODULES = YES;
				CLANG_ENABLE_OBJC_ARC = YES;
				CLANG_ENABLE_OBJC_WEAK = YES;
				CLANG_WARN_BLOCK_CAPTURE_AUTORELEASING = YES;
				CLANG_WARN_BOOL_CONVERSION = YES;
				CLANG_WARN_COMMA = YES;
				CLANG_WARN_CONSTANT_CONVERSION = YES;
				CLANG_WARN_DEPRECATED_OBJC_IMPLEMENTATIONS = YES;
				CLANG_WARN_DIRECT_OBJC_ISA_USAGE = YES_ERROR;
				CLANG_WARN_DOCUMENTATION_COMMENTS = YES;
				CLANG_WARN_EMPTY_BODY = YES;
				CLANG_WARN_ENUM_CONVERSION = YES;
				CLANG_WARN_INFINITE_RECURSION = YES;
				CLANG_WARN_INT_CONVERSION = YES;
				CLANG_WARN_NON_LITERAL_NULL_CONVERSION = YES;
				CLANG_WARN_OBJC_IMPLICIT_RETAIN_SELF = YES;
				CLANG_WARN_OBJC_LITERAL_CONVERSION = YES;
				CLANG_WARN_OBJC_ROOT_CLASS = YES_ERROR;
				CLANG_WARN_QUOTED_INCLUDE_IN_FRAMEWORK_HEADER = YES;
				CLANG_WARN_RANGE_LOOP_ANALYSIS = YES;
				CLANG_WARN_STRICT_PROTOTYPES = YES;
				CLANG_WARN_SUSPICIOUS_MOVE = YES;
				CLANG_WARN_UNGUARDED_AVAILABILITY = YES_AGGRESSIVE;
				CLANG_WARN_UNREACHABLE_CODE = YES;
				CLANG_WARN__DUPLICATE_METHOD_MATCH = YES;
				COPY_PHASE_STRIP = NO;
				DEBUG_INFORMATION_FORMAT = "dwarf-with-dsym";
				ENABLE_NS_ASSERTIONS = NO;
				ENABLE_STRICT_OBJC_MSGSEND = YES;
				GCC_C_LANGUAGE_STANDARD = gnu11;
				GCC_NO_COMMON_BLOCKS = YES;
				GCC_WARN_64_TO_32_BIT_CONVERSION = YES;
				GCC_WARN_ABOUT_RETURN_TYPE = YES_ERROR;
				GCC_WARN_UNDECLARED_SELECTOR = YES;
				GCC_WARN_UNINITIALIZED_AUTOS = YES_AGGRESSIVE;
				GCC_WARN_UNUSED_FUNCTION = YES;
				GCC_WARN_UNUSED_VARIABLE = YES;
				IPHONEOS_DEPLOYMENT_TARGET = 14.5;
				MTL_ENABLE_DEBUG_INFO = NO;
				MTL_FAST_MATH = YES;
				SDKROOT = iphoneos;
				SWIFT_COMPILATION_MODE = wholemodule;
				SWIFT_OPTIMIZATION_LEVEL = "-O";
				VALIDATE_PRODUCT = YES;
			};
			name = Release;
		};
		A830D54D270C586F000A932B /* Debug */ = {
			isa = XCBuildConfiguration;
			buildSettings = {
				ASSETCATALOG_COMPILER_APPICON_NAME = AppIcon;
				ASSETCATALOG_COMPILER_GLOBAL_ACCENT_COLOR_NAME = AccentColor;
				CODE_SIGN_STYLE = Automatic;
				INFOPLIST_FILE = NumberGuess_v2/Info.plist;
				LD_RUNPATH_SEARCH_PATHS = (
					"$(inherited)",
					"@executable_path/Frameworks",
				);
				PRODUCT_BUNDLE_IDENTIFIER = "at.ac.htl-leonding.bhitm18.NumberGuess-v2";
				PRODUCT_NAME = "$(TARGET_NAME)";
				SWIFT_VERSION = 5.0;
				TARGETED_DEVICE_FAMILY = "1,2";
			};
			name = Debug;
		};
		A830D54E270C586F000A932B /* Release */ = {
			isa = XCBuildConfiguration;
			buildSettings = {
				ASSETCATALOG_COMPILER_APPICON_NAME = AppIcon;
				ASSETCATALOG_COMPILER_GLOBAL_ACCENT_COLOR_NAME = AccentColor;
				CODE_SIGN_STYLE = Automatic;
				INFOPLIST_FILE = NumberGuess_v2/Info.plist;
				LD_RUNPATH_SEARCH_PATHS = (
					"$(inherited)",
					"@executable_path/Frameworks",
				);
				PRODUCT_BUNDLE_IDENTIFIER = "at.ac.htl-leonding.bhitm18.NumberGuess-v2";
				PRODUCT_NAME = "$(TARGET_NAME)";
				SWIFT_VERSION = 5.0;
				TARGETED_DEVICE_FAMILY = "1,2";
			};
			name = Release;
		};
/* End XCBuildConfiguration section */

/* Begin XCConfigurationList section */
		A830D533270C586B000A932B /* Build configuration list for PBXProject "NumberGuess_v2" */ = {
			isa = XCConfigurationList;
			buildConfigurations = (
				A830D54A270C586F000A932B /* Debug */,
				A830D54B270C586F000A932B /* Release */,
			);
			defaultConfigurationIsVisible = 0;
			defaultConfigurationName = Release;
		};
		A830D54C270C586F000A932B /* Build configuration list for PBXNativeTarget "NumberGuess_v2" */ = {
			isa = XCConfigurationList;
			buildConfigurations = (
				A830D54D270C586F000A932B /* Debug */,
				A830D54E270C586F000A932B /* Release */,
			);
			defaultConfigurationIsVisible = 0;
			defaultConfigurationName = Release;
		};
/* End XCConfigurationList section */
	};
	rootObject = A830D530270C586B000A932B /* Project object */;
}
